{
  "originHash" : "e29f81e8065cf1eac091722578c5fa19d49630bd891acd18a56474fe60c83b8e",
  "pins" : [
    {
      "identity" : "grdb.swift",
      "kind" : "remoteSourceControl",
      "location" : "https://github.com/groue/GRDB.swift.git",
      "state" : {
        "revision" : "2cf6c756e1e5ef6901ebae16576a7e4e4b834622",
        "version" : "6.29.3"
      }
    }
  ],
  "version" : 3
}
